
Microsoft Visual Studio Solution File, Format Version 12.00
# Visual Studio Version 17
VisualStudioVersion = 17.6.33829.357
MinimumVisualStudioVersion = 10.0.40219.1
Project("{FAE04EC0-301F-11D3-BF4B-00C04F79EFBC}") = "SingularCart", "SingularCart\SingularCart.csproj", "{A2CAF222-428E-4F45-9311-A30C8D89F526}"
EndProject
Global
	GlobalSection(SolutionConfigurationPlatforms) = preSolution
		Debug|Any CPU = Debug|Any CPU
		Release|Any CPU = Release|Any CPU
	EndGlobalSection
	GlobalSection(ProjectConfigurationPlatforms) = postSolution
		{A2CAF222-428E-4F45-9311-A30C8D89F526}.Debug|Any CPU.ActiveCfg = Debug|Any CPU
		{A2CAF222-428E-4F45-9311-A30C8D89F526}.Debug|Any CPU.Build.0 = Debug|Any CPU
		{A2CAF222-428E-4F45-9311-A30C8D89F526}.Release|Any CPU.ActiveCfg = Release|Any CPU
		{A2CAF222-428E-4F45-9311-A30C8D89F526}.Release|Any CPU.Build.0 = Release|Any CPU
	EndGlobalSection
	GlobalSection(SolutionProperties) = preSolution
		HideSolutionNode = FALSE
	EndGlobalSection
	GlobalSection(ExtensibilityGlobals) = postSolution
		SolutionGuid = {99E5E663-FAD1-4A16-A27E-FD58093A3C17}
	EndGlobalSection
EndGlobal
